{
  "name": "workspace",
  "lockfileVersion": 3,
  "requires": true,
  "packages": {
    "": {
      "dependencies": {
        "marked": "^12.0.1",
        "ngx-markdown": "^12.0.0"
      }
    },
    "node_modules/@angular/common": {
      "version": "12.2.17",
      "resolved": "https://registry.npmjs.org/@angular/common/-/common-12.2.17.tgz",
      "integrity": "sha512-/Rc83mzlL6YZScYTzg+Ng2hiCSf3jUVHAfQ8cyLOIMj/y8863Q+DMLVWW+ttvHwCjEFY44pC8IPyBl5FmSJYHg==",
      "peer": true,
      "dependencies": {
        "tslib": "^2.2.0"
      },
      "engines": {
        "node": "^12.14.1 || >=14.0.0"
      },
      "peerDependencies": {
        "@angular/core": "12.2.17",
        "rxjs": "^6.5.3 || ^7.0.0"
      }
    },
    "node_modules/@angular/core": {
      "version": "12.2.17",
      "resolved": "https://registry.npmjs.org/@angular/core/-/core-12.2.17.tgz",
      "integrity": "sha512-XUvTgU0D8XqNH5Y7UlTMk/XjUQaEGC0kZxhw/QSSQr65WrXtXmcD4d8Cg84TJ52uGXmf7IAruKvtbvu1Mbmvug==",
      "peer": true,
      "dependencies": {
        "tslib": "^2.2.0"
      },
      "engines": {
        "node": "^12.14.1 || >=14.0.0"
      },
      "peerDependencies": {
        "rxjs": "^6.5.3 || ^7.0.0",
        "zone.js": "~0.11.4"
      }
    },
    "node_modules/@angular/platform-browser": {
      "version": "12.2.17",
      "resolved": "https://registry.npmjs.org/@angular/platform-browser/-/platform-browser-12.2.17.tgz",
      "integrity": "sha512-fxs0FDEnS9mzd36u0bHd6TbCvRC9pqK0YCWNnoLCf5ALQtyIL8CpgGNjOMnO8mCEl5l9QTFCDvKOn4V3p7E/dg==",
      "peer": true,
      "dependencies": {
        "tslib": "^2.2.0"
      },
      "engines": {
        "node": "^12.14.1 || >=14.0.0"
      },
      "peerDependencies": {
        "@angular/animations": "12.2.17",
        "@angular/common": "12.2.17",
        "@angular/core": "12.2.17"
      },
      "peerDependenciesMeta": {
        "@angular/animations": {
          "optional": true
        }
      }
    },
    "node_modules/@types/marked": {
      "version": "2.0.5",
      "resolved": "https://registry.npmjs.org/@types/marked/-/marked-2.0.5.tgz",
      "integrity": "sha512-shRZ7XnYFD/8n8zSjKvFdto1QNSf4tONZIlNEZGrJe8GsOE8DL/hG1Hbl8gZlfLnjS7+f5tZGIaTgfpyW38h4w=="
    },
    "node_modules/commander": {
      "version": "8.3.0",
      "resolved": "https://registry.npmjs.org/commander/-/commander-8.3.0.tgz",
      "integrity": "sha512-OkTL9umf+He2DZkUq8f8J9of7yL6RJKI24dVITBmNfZBmri9zYZQrKkuXiKhyfPSu8tUhnVBB1iKXevvnlR4Ww==",
      "engines": {
        "node": ">= 12"
      }
    },
    "node_modules/emoji-toolkit": {
      "version": "6.6.0",
      "resolved": "https://registry.npmjs.org/emoji-toolkit/-/emoji-toolkit-6.6.0.tgz",
      "integrity": "sha512-pEu0kow2p1N8zCKnn/L6H0F3rWUBB3P3hVjr/O5yl1fK7N9jU4vO4G7EFapC5Y3XwZLUCY0FZbOPyTkH+4V2eQ=="
    },
    "node_modules/katex": {
      "version": "0.13.24",
      "resolved": "https://registry.npmjs.org/katex/-/katex-0.13.24.tgz",
      "integrity": "sha512-jZxYuKCma3VS5UuxOx/rFV1QyGSl3Uy/i0kTJF3HgQ5xMinCQVF8Zd4bMY/9aI9b9A2pjIBOsjSSm68ykTAr8w==",
      "funding": [
        "https://opencollective.com/katex",
        "https://github.com/sponsors/katex"
      ],
      "dependencies": {
        "commander": "^8.0.0"
      },
      "bin": {
        "katex": "cli.js"
      }
    },
    "node_modules/marked": {
      "version": "12.0.1",
      "resolved": "https://registry.npmjs.org/marked/-/marked-12.0.1.tgz",
      "integrity": "sha512-Y1/V2yafOcOdWQCX0XpAKXzDakPOpn6U0YLxTJs3cww6VxOzZV1BTOOYWLvH3gX38cq+iLwljHHTnMtlDfg01Q==",
      "bin": {
        "marked": "bin/marked.js"
      },
      "engines": {
        "node": ">= 18"
      }
    },
    "node_modules/ngx-markdown": {
      "version": "12.0.0",
      "resolved": "https://registry.npmjs.org/ngx-markdown/-/ngx-markdown-12.0.0.tgz",
      "integrity": "sha512-U8EeHNGVxdjn9QDsPZy6h05I39QRiBV7a5n95NDBP1nACRos31sPzVa3+NMLs0Z6HzFpnHuIR4759uveRn7KBg==",
      "dependencies": {
        "@types/marked": "^2.0.0",
        "emoji-toolkit": "^6.5.0",
        "katex": "^0.13.0",
        "marked": "^2.0.0",
        "prismjs": "^1.23.0",
        "tslib": "^2.1.0"
      },
      "peerDependencies": {
        "@angular/common": "^12.0.0",
        "@angular/core": "^12.0.0",
        "@angular/platform-browser": "^12.0.0",
        "rxjs": "^6.6.0",
        "zone.js": "^0.10.2 || ^0.11.4"
      }
    },
    "node_modules/ngx-markdown/node_modules/marked": {
      "version": "2.1.3",
      "resolved": "https://registry.npmjs.org/marked/-/marked-2.1.3.tgz",
      "integrity": "sha512-/Q+7MGzaETqifOMWYEA7HVMaZb4XbcRfaOzcSsHZEith83KGlvaSG33u0SKu89Mj5h+T8V2hM+8O45Qc5XTgwA==",
      "bin": {
        "marked": "bin/marked"
      },
      "engines": {
        "node": ">= 10"
      }
    },
    "node_modules/prismjs": {
      "version": "1.29.0",
      "resolved": "https://registry.npmjs.org/prismjs/-/prismjs-1.29.0.tgz",
      "integrity": "sha512-Kx/1w86q/epKcmte75LNrEoT+lX8pBpavuAbvJWRXar7Hz8jrtF+e3vY751p0R8H9HdArwaCTNDDzHg/ScJK1Q==",
      "engines": {
        "node": ">=6"
      }
    },
    "node_modules/rxjs": {
      "version": "6.6.7",
      "resolved": "https://registry.npmjs.org/rxjs/-/rxjs-6.6.7.tgz",
      "integrity": "sha512-hTdwr+7yYNIT5n4AMYp85KA6yw2Va0FLa3Rguvbpa4W3I5xynaBZo41cM3XM+4Q6fRMj3sBYIR1VAmZMXYJvRQ==",
      "peer": true,
      "dependencies": {
        "tslib": "^1.9.0"
      },
      "engines": {
        "npm": ">=2.0.0"
      }
    },
    "node_modules/rxjs/node_modules/tslib": {
      "version": "1.14.1",
      "resolved": "https://registry.npmjs.org/tslib/-/tslib-1.14.1.tgz",
      "integrity": "sha512-Xni35NKzjgMrwevysHTCArtLDpPvye8zV/0E4EyYn43P7/7qvQwPh9BGkHewbMulVntbigmcT7rdX3BNo9wRJg==",
      "peer": true
    },
    "node_modules/tslib": {
      "version": "2.6.2",
      "resolved": "https://registry.npmjs.org/tslib/-/tslib-2.6.2.tgz",
      "integrity": "sha512-AEYxH93jGFPn/a2iVAwW87VuUIkR1FVUKB77NwMF7nBTDkDrrT/Hpt/IrCJ0QXhW27jTBDcf5ZY7w6RiqTMw2Q=="
    },
    "node_modules/zone.js": {
      "version": "0.11.8",
      "resolved": "https://registry.npmjs.org/zone.js/-/zone.js-0.11.8.tgz",
      "integrity": "sha512-82bctBg2hKcEJ21humWIkXRlLBBmrc3nN7DFh5LGGhcyycO2S7FN8NmdvlcKaGFDNVL4/9kFLmwmInTavdJERA==",
      "peer": true,
      "dependencies": {
        "tslib": "^2.3.0"
      }
    }
  }
}
